
Microsoft Visual Studio Solution File, Format Version 12.00
# Visual Studio 15
VisualStudioVersion = 15.0.28307.329
MinimumVisualStudioVersion = 10.0.40219.1
Project("{FAE04EC0-301F-11D3-BF4B-00C04F79EFBC}") = "FrameSync", "FrameSync\FrameSync.csproj", "{15AC29B6-D74F-4F33-BECE-0DDCAF8A9565}"
EndProject
Global
	GlobalSection(SolutionConfigurationPlatforms) = preSolution
		Debug|Any CPU = Debug|Any CPU
		Release|Any CPU = Release|Any CPU
	EndGlobalSection
	GlobalSection(ProjectConfigurationPlatforms) = postSolution
		{15AC29B6-D74F-4F33-BECE-0DDCAF8A9565}.Debug|Any CPU.ActiveCfg = Debug|Any CPU
		{15AC29B6-D74F-4F33-BECE-0DDCAF8A9565}.Debug|Any CPU.Build.0 = Debug|Any CPU
		{15AC29B6-D74F-4F33-BECE-0DDCAF8A9565}.Release|Any CPU.ActiveCfg = Release|Any CPU
		{15AC29B6-D74F-4F33-BECE-0DDCAF8A9565}.Release|Any CPU.Build.0 = Release|Any CPU
	EndGlobalSection
	GlobalSection(SolutionProperties) = preSolution
		HideSolutionNode = FALSE
	EndGlobalSection
	GlobalSection(ExtensibilityGlobals) = postSolution
		SolutionGuid = {3CC458CC-61C0-4796-A337-8B61077A07F7}
	EndGlobalSection
EndGlobal
